
Microsoft Visual Studio Solution File, Format Version 12.00
# Visual Studio Version 17
VisualStudioVersion = 17.7.34003.232
MinimumVisualStudioVersion = 10.0.40219.1
Project("{FAE04EC0-301F-11D3-BF4B-00C04F79EFBC}") = "FirstProject", "FirstProject\FirstProject.csproj", "{2ECBAA68-D659-417E-9582-3560BDB9EF77}"
EndProject
Project("{FAE04EC0-301F-11D3-BF4B-00C04F79EFBC}") = "SecondProject", "SecondProject\SecondProject.csproj", "{EC7C7FDB-0230-4474-94B2-E6481B53E554}"
EndProject
Global
	GlobalSection(SolutionConfigurationPlatforms) = preSolution
		Debug|Any CPU = Debug|Any CPU
		Release|Any CPU = Release|Any CPU
	EndGlobalSection
	GlobalSection(ProjectConfigurationPlatforms) = postSolution
		{2ECBAA68-D659-417E-9582-3560BDB9EF77}.Debug|Any CPU.ActiveCfg = Debug|Any CPU
		{2ECBAA68-D659-417E-9582-3560BDB9EF77}.Debug|Any CPU.Build.0 = Debug|Any CPU
		{2ECBAA68-D659-417E-9582-3560BDB9EF77}.Release|Any CPU.ActiveCfg = Release|Any CPU
		{2ECBAA68-D659-417E-9582-3560BDB9EF77}.Release|Any CPU.Build.0 = Release|Any CPU
		{EC7C7FDB-0230-4474-94B2-E6481B53E554}.Debug|Any CPU.ActiveCfg = Debug|Any CPU
		{EC7C7FDB-0230-4474-94B2-E6481B53E554}.Debug|Any CPU.Build.0 = Debug|Any CPU
		{EC7C7FDB-0230-4474-94B2-E6481B53E554}.Release|Any CPU.ActiveCfg = Release|Any CPU
		{EC7C7FDB-0230-4474-94B2-E6481B53E554}.Release|Any CPU.Build.0 = Release|Any CPU
	EndGlobalSection
	GlobalSection(SolutionProperties) = preSolution
		HideSolutionNode = FALSE
	EndGlobalSection
	GlobalSection(ExtensibilityGlobals) = postSolution
		SolutionGuid = {36C131B3-5C98-46E5-9F30-11817D695786}
	EndGlobalSection
EndGlobal
